
Microsoft Visual Studio Solution File, Format Version 12.00
# Visual Studio Version 16
VisualStudioVersion = 16.0.31613.86
MinimumVisualStudioVersion = 10.0.40219.1
Project("{9A19103F-16F7-4668-BE54-9A1E7A4F7556}") = "Network", "..\Network\Network.csproj", "{4BCDF89A-C659-4ACF-A824-8DD140C24C89}"
EndProject
Project("{FAE04EC0-301F-11D3-BF4B-00C04F79EFBC}") = "DAL", "..\DAL\DAL.csproj", "{606332F8-02A5-480C-A5FB-7758D7D60310}"
EndProject
Project("{FAE04EC0-301F-11D3-BF4B-00C04F79EFBC}") = "DTO", "..\DTO\DTO.csproj", "{40881A16-6653-41F4-9AE5-EC09F1A00765}"
EndProject
Project("{FAE04EC0-301F-11D3-BF4B-00C04F79EFBC}") = "SocialNetworkWPF", "SocialNetworkWPF\SocialNetworkWPF.csproj", "{2F506108-D14F-4E57-A9A4-16001C981F41}"
EndProject
Project("{2150E333-8FDC-42A3-9474-1A3956D46DE8}") = "Solution Items", "Solution Items", "{81536AA3-566C-4415-9139-5719AD1489D1}"
	ProjectSection(SolutionItems) = preProject
		.editorconfig = .editorconfig
	EndProjectSection
EndProject
Project("{FAE04EC0-301F-11D3-BF4B-00C04F79EFBC}") = "neo4jConsole", "..\neo4jConsole\neo4jConsole.csproj", "{F1C54A85-FB65-4733-9546-A57D5DF2F99E}"
EndProject
Global
	GlobalSection(SolutionConfigurationPlatforms) = preSolution
		Debug|Any CPU = Debug|Any CPU
		Release|Any CPU = Release|Any CPU
	EndGlobalSection
	GlobalSection(ProjectConfigurationPlatforms) = postSolution
		{4BCDF89A-C659-4ACF-A824-8DD140C24C89}.Debug|Any CPU.ActiveCfg = Debug|Any CPU
		{4BCDF89A-C659-4ACF-A824-8DD140C24C89}.Debug|Any CPU.Build.0 = Debug|Any CPU
		{4BCDF89A-C659-4ACF-A824-8DD140C24C89}.Release|Any CPU.ActiveCfg = Release|Any CPU
		{4BCDF89A-C659-4ACF-A824-8DD140C24C89}.Release|Any CPU.Build.0 = Release|Any CPU
		{606332F8-02A5-480C-A5FB-7758D7D60310}.Debug|Any CPU.ActiveCfg = Debug|Any CPU
		{606332F8-02A5-480C-A5FB-7758D7D60310}.Debug|Any CPU.Build.0 = Debug|Any CPU
		{606332F8-02A5-480C-A5FB-7758D7D60310}.Release|Any CPU.ActiveCfg = Release|Any CPU
		{606332F8-02A5-480C-A5FB-7758D7D60310}.Release|Any CPU.Build.0 = Release|Any CPU
		{40881A16-6653-41F4-9AE5-EC09F1A00765}.Debug|Any CPU.ActiveCfg = Debug|Any CPU
		{40881A16-6653-41F4-9AE5-EC09F1A00765}.Debug|Any CPU.Build.0 = Debug|Any CPU
		{40881A16-6653-41F4-9AE5-EC09F1A00765}.Release|Any CPU.ActiveCfg = Release|Any CPU
		{40881A16-6653-41F4-9AE5-EC09F1A00765}.Release|Any CPU.Build.0 = Release|Any CPU
		{2F506108-D14F-4E57-A9A4-16001C981F41}.Debug|Any CPU.ActiveCfg = Debug|Any CPU
		{2F506108-D14F-4E57-A9A4-16001C981F41}.Debug|Any CPU.Build.0 = Debug|Any CPU
		{2F506108-D14F-4E57-A9A4-16001C981F41}.Release|Any CPU.ActiveCfg = Release|Any CPU
		{2F506108-D14F-4E57-A9A4-16001C981F41}.Release|Any CPU.Build.0 = Release|Any CPU
		{F1C54A85-FB65-4733-9546-A57D5DF2F99E}.Debug|Any CPU.ActiveCfg = Debug|Any CPU
		{F1C54A85-FB65-4733-9546-A57D5DF2F99E}.Debug|Any CPU.Build.0 = Debug|Any CPU
		{F1C54A85-FB65-4733-9546-A57D5DF2F99E}.Release|Any CPU.ActiveCfg = Release|Any CPU
		{F1C54A85-FB65-4733-9546-A57D5DF2F99E}.Release|Any CPU.Build.0 = Release|Any CPU
	EndGlobalSection
	GlobalSection(SolutionProperties) = preSolution
		HideSolutionNode = FALSE
	EndGlobalSection
	GlobalSection(ExtensibilityGlobals) = postSolution
		SolutionGuid = {E348692E-837D-458F-A038-FF9C20C12584}
	EndGlobalSection
EndGlobal
